
Microsoft Visual Studio Solution File, Format Version 12.00
# Visual Studio Version 17
VisualStudioVersion = 17.13.35825.156 d17.13
MinimumVisualStudioVersion = 10.0.40219.1
Project("{FAE04EC0-301F-11D3-BF4B-00C04F79EFBC}") = "CybersecurityAwarenessBot_POE_Part_2", "CybersecurityAwarenessBot_POE_Part_2\CybersecurityAwarenessBot_POE_Part_2.csproj", "{A77CAAAD-775E-47B0-850E-94414657D725}"
EndProject
Global
	GlobalSection(SolutionConfigurationPlatforms) = preSolution
		Debug|Any CPU = Debug|Any CPU
		Release|Any CPU = Release|Any CPU
	EndGlobalSection
	GlobalSection(ProjectConfigurationPlatforms) = postSolution
		{A77CAAAD-775E-47B0-850E-94414657D725}.Debug|Any CPU.ActiveCfg = Debug|Any CPU
		{A77CAAAD-775E-47B0-850E-94414657D725}.Debug|Any CPU.Build.0 = Debug|Any CPU
		{A77CAAAD-775E-47B0-850E-94414657D725}.Release|Any CPU.ActiveCfg = Release|Any CPU
		{A77CAAAD-775E-47B0-850E-94414657D725}.Release|Any CPU.Build.0 = Release|Any CPU
	EndGlobalSection
	GlobalSection(SolutionProperties) = preSolution
		HideSolutionNode = FALSE
	EndGlobalSection
	GlobalSection(ExtensibilityGlobals) = postSolution
		SolutionGuid = {733DBFB3-3247-4531-8804-F32FFF0A9F7E}
	EndGlobalSection
EndGlobal
